# THIS IS AN AUTOGENERATED FILE. DO NOT EDIT THIS FILE DIRECTLY.
# yarn lockfile v1


"@asteasolutions/zod-to-openapi@^7.1.0":
  version "7.1.1"
  resolved "https://registry.yarnpkg.com/@asteasolutions/zod-to-openapi/-/zod-to-openapi-7.1.1.tgz#27784396d9f854db975a3b784095efef25258422"
  integrity sha512-lF0d1gAc0lYLO9/BAGivwTwE2Sh9h6CHuDcbk5KnGBfIuAsAkDC+Fdat4dkQY3CS/zUWKHRmFEma0B7X132Ymw==
  dependencies:
    openapi3-ts "^4.1.2"

"@hono/zod-openapi@^0.14.5", "@hono/zod-openapi@^0.14.9":
  version "0.14.9"
  resolved "https://registry.yarnpkg.com/@hono/zod-openapi/-/zod-openapi-0.14.9.tgz#f0722f323f89ba4bb887b2b4242a6b13838ca960"
  integrity sha512-7qWxZiSG4CogPb00TKorPMb2YsniOI0AReFrR7nIvsIdZ5XeorIQtFTI7G+o7HaaKPyzSPqcRllkFnQIIqxCMQ==
  dependencies:
    "@asteasolutions/zod-to-openapi" "^7.1.0"
    "@hono/zod-validator" "0.2.2"

"@hono/zod-validator@0.2.2":
  version "0.2.2"
  resolved "https://registry.yarnpkg.com/@hono/zod-validator/-/zod-validator-0.2.2.tgz#929a1c40aee5eac1ed9c84094d6d977e0b70187a"
  integrity sha512-dSDxaPV70Py8wuIU2QNpoVEIOSzSXZ/6/B/h4xA7eOMz7+AarKTSGV8E6QwrdcCbBLkpqfJ4Q2TmBO0eP1tCBQ==

"authhero@workspace:^":
  version "0.0.1"
  resolved "https://registry.yarnpkg.com/authhero/-/authhero-0.0.1.tgz#6d1e8a3b1ff40be9f771e8ae1f04451fb44e1b31"
  integrity sha512-iLV7EoYKMYism/CY+G7tjXFZ6G09aX/+ircsQtnO48re0ujEkj1VTGR5OY87mimI1yH1BlA69hyMBtnwBQUUag==
  dependencies:
    "@hono/zod-openapi" "^0.14.5"
    hono "^4.4.10"

hono@^4.4.10:
  version "4.4.13"
  resolved "https://registry.yarnpkg.com/hono/-/hono-4.4.13.tgz#954e8f6e4bab14f3f9d7bac4eef4c56d23e7f900"
  integrity sha512-c6qqenclmQ6wpXzqiElMa2jt423PVCmgBreDfC5s2lPPpGk7d0lOymd8QTzFZyYC5mSSs6imiTMPip+gLwuW/g==

openapi3-ts@^4.1.2:
  version "4.3.3"
  resolved "https://registry.yarnpkg.com/openapi3-ts/-/openapi3-ts-4.3.3.tgz#de43a2f2fab912939495c169b92d81fe78a4ec10"
  integrity sha512-LKkzBGJcZ6wdvkKGMoSvpK+0cbN5Xc3XuYkJskO+vjEQWJgs1kgtyUk0pjf8KwPuysv323Er62F5P17XQl96Qg==
  dependencies:
    yaml "^2.4.5"

yaml@^2.4.5:
  version "2.4.5"
  resolved "https://registry.yarnpkg.com/yaml/-/yaml-2.4.5.tgz#60630b206dd6d84df97003d33fc1ddf6296cca5e"
  integrity sha512-aBx2bnqDzVOyNKfsysjA2ms5ZlnjSAW2eG3/L5G/CSujfjLJTJsEw1bGw8kCf04KodQWk1pxlGnZ56CRxiawmg==
